
Microsoft Visual Studio Solution File, Format Version 12.00
# Visual Studio Version 17
VisualStudioVersion = 17.13.35931.197
MinimumVisualStudioVersion = 10.0.40219.1
Project("{FAE04EC0-301F-11D3-BF4B-00C04F79EFBC}") = "Subasta.Dominio", "Subasta_Dominio\Subasta.Dominio.csproj", "{A5D96A97-A3FA-48B7-8D01-635773AB7885}"
EndProject
Project("{FAE04EC0-301F-11D3-BF4B-00C04F79EFBC}") = "Subasta.Infraestructura", "Subasta.Infraestructura\Subasta.Infraestructura.csproj", "{9FCFA15A-94B7-4645-B22C-ED312411FA68}"
EndProject
Project("{FAE04EC0-301F-11D3-BF4B-00C04F79EFBC}") = "Subasta.Api", "Subasta.Api\Subasta.Api.csproj", "{2E3E8CA6-48F9-40F5-B9E6-5BB4EF659572}"
EndProject
Project("{FAE04EC0-301F-11D3-BF4B-00C04F79EFBC}") = "Subasta.Aplicacion", "Subasta.Aplicacion\Subasta.Aplicacion.csproj", "{FB0E7633-ACC7-4ECD-9106-4CD39112EF23}"
EndProject
Global
	GlobalSection(SolutionConfigurationPlatforms) = preSolution
		Debug|Any CPU = Debug|Any CPU
		Release|Any CPU = Release|Any CPU
	EndGlobalSection
	GlobalSection(ProjectConfigurationPlatforms) = postSolution
		{A5D96A97-A3FA-48B7-8D01-635773AB7885}.Debug|Any CPU.ActiveCfg = Debug|Any CPU
		{A5D96A97-A3FA-48B7-8D01-635773AB7885}.Debug|Any CPU.Build.0 = Debug|Any CPU
		{A5D96A97-A3FA-48B7-8D01-635773AB7885}.Release|Any CPU.ActiveCfg = Release|Any CPU
		{A5D96A97-A3FA-48B7-8D01-635773AB7885}.Release|Any CPU.Build.0 = Release|Any CPU
		{9FCFA15A-94B7-4645-B22C-ED312411FA68}.Debug|Any CPU.ActiveCfg = Debug|Any CPU
		{9FCFA15A-94B7-4645-B22C-ED312411FA68}.Debug|Any CPU.Build.0 = Debug|Any CPU
		{9FCFA15A-94B7-4645-B22C-ED312411FA68}.Release|Any CPU.ActiveCfg = Release|Any CPU
		{9FCFA15A-94B7-4645-B22C-ED312411FA68}.Release|Any CPU.Build.0 = Release|Any CPU
		{2E3E8CA6-48F9-40F5-B9E6-5BB4EF659572}.Debug|Any CPU.ActiveCfg = Debug|Any CPU
		{2E3E8CA6-48F9-40F5-B9E6-5BB4EF659572}.Debug|Any CPU.Build.0 = Debug|Any CPU
		{2E3E8CA6-48F9-40F5-B9E6-5BB4EF659572}.Release|Any CPU.ActiveCfg = Release|Any CPU
		{2E3E8CA6-48F9-40F5-B9E6-5BB4EF659572}.Release|Any CPU.Build.0 = Release|Any CPU
		{FB0E7633-ACC7-4ECD-9106-4CD39112EF23}.Debug|Any CPU.ActiveCfg = Debug|Any CPU
		{FB0E7633-ACC7-4ECD-9106-4CD39112EF23}.Debug|Any CPU.Build.0 = Debug|Any CPU
		{FB0E7633-ACC7-4ECD-9106-4CD39112EF23}.Release|Any CPU.ActiveCfg = Release|Any CPU
		{FB0E7633-ACC7-4ECD-9106-4CD39112EF23}.Release|Any CPU.Build.0 = Release|Any CPU
	EndGlobalSection
	GlobalSection(SolutionProperties) = preSolution
		HideSolutionNode = FALSE
	EndGlobalSection
	GlobalSection(ExtensibilityGlobals) = postSolution
		SolutionGuid = {986E0661-A580-4DB8-904E-C7788FB7A5BE}
	EndGlobalSection
EndGlobal
